
Microsoft Visual Studio Solution File, Format Version 12.00
# Visual Studio Version 16
VisualStudioVersion = 16.0.31410.357
MinimumVisualStudioVersion = 10.0.40219.1
Project("{FAE04EC0-301F-11D3-BF4B-00C04F79EFBC}") = "programas", "programas.csproj", "{A71F11F2-E3CE-4281-B066-7D78F5BA5251}"
EndProject
Global
	GlobalSection(SolutionConfigurationPlatforms) = preSolution
		Debug|Any CPU = Debug|Any CPU
		Release|Any CPU = Release|Any CPU
	EndGlobalSection
	GlobalSection(ProjectConfigurationPlatforms) = postSolution
		{A71F11F2-E3CE-4281-B066-7D78F5BA5251}.Debug|Any CPU.ActiveCfg = Debug|Any CPU
		{A71F11F2-E3CE-4281-B066-7D78F5BA5251}.Debug|Any CPU.Build.0 = Debug|Any CPU
		{A71F11F2-E3CE-4281-B066-7D78F5BA5251}.Release|Any CPU.ActiveCfg = Release|Any CPU
		{A71F11F2-E3CE-4281-B066-7D78F5BA5251}.Release|Any CPU.Build.0 = Release|Any CPU
	EndGlobalSection
	GlobalSection(SolutionProperties) = preSolution
		HideSolutionNode = FALSE
	EndGlobalSection
	GlobalSection(ExtensibilityGlobals) = postSolution
		SolutionGuid = {2CC1DD99-C9F2-4945-88EC-B0B9BF9FE54E}
	EndGlobalSection
EndGlobal
